
Microsoft Visual Studio Solution File, Format Version 12.00
# Visual Studio Version 17
VisualStudioVersion = 17.6.33829.357
MinimumVisualStudioVersion = 10.0.40219.1
Project("{8BC9CEB8-8B4A-11D0-8D11-00A0C91BC942}") = "ClassificationImport", "ClassificationImport\ClassificationImport.vcxproj", "{ED9B4260-C24E-4F2E-87F6-5344E447B93F}"
EndProject
Project("{8BC9CEB8-8B4A-11D0-8D11-00A0C91BC942}") = "ClassificationExtraction", "ClassificationExtraction\ClassificationExtraction.vcxproj", "{44D54B16-31F5-4FC4-AADF-8A9C36AB05FB}"
EndProject
Project("{8BC9CEB8-8B4A-11D0-8D11-00A0C91BC942}") = "ClassificationValidation", "ClassificationValidation\ClassificationValidation.vcxproj", "{E567A5A6-F97A-49C9-8909-F6445260ADE3}"
EndProject
Global
	GlobalSection(SolutionConfigurationPlatforms) = preSolution
		Debug|x64 = Debug|x64
		Debug|x86 = Debug|x86
		Release|x64 = Release|x64
		Release|x86 = Release|x86
	EndGlobalSection
	GlobalSection(ProjectConfigurationPlatforms) = postSolution
		{ED9B4260-C24E-4F2E-87F6-5344E447B93F}.Debug|x64.ActiveCfg = Debug|x64
		{ED9B4260-C24E-4F2E-87F6-5344E447B93F}.Debug|x64.Build.0 = Debug|x64
		{ED9B4260-C24E-4F2E-87F6-5344E447B93F}.Debug|x86.ActiveCfg = Debug|Win32
		{ED9B4260-C24E-4F2E-87F6-5344E447B93F}.Debug|x86.Build.0 = Debug|Win32
		{ED9B4260-C24E-4F2E-87F6-5344E447B93F}.Release|x64.ActiveCfg = Release|x64
		{ED9B4260-C24E-4F2E-87F6-5344E447B93F}.Release|x64.Build.0 = Release|x64
		{ED9B4260-C24E-4F2E-87F6-5344E447B93F}.Release|x86.ActiveCfg = Release|Win32
		{ED9B4260-C24E-4F2E-87F6-5344E447B93F}.Release|x86.Build.0 = Release|Win32
		{44D54B16-31F5-4FC4-AADF-8A9C36AB05FB}.Debug|x64.ActiveCfg = Debug|x64
		{44D54B16-31F5-4FC4-AADF-8A9C36AB05FB}.Debug|x64.Build.0 = Debug|x64
		{44D54B16-31F5-4FC4-AADF-8A9C36AB05FB}.Debug|x86.ActiveCfg = Debug|Win32
		{44D54B16-31F5-4FC4-AADF-8A9C36AB05FB}.Debug|x86.Build.0 = Debug|Win32
		{44D54B16-31F5-4FC4-AADF-8A9C36AB05FB}.Release|x64.ActiveCfg = Release|x64
		{44D54B16-31F5-4FC4-AADF-8A9C36AB05FB}.Release|x64.Build.0 = Release|x64
		{44D54B16-31F5-4FC4-AADF-8A9C36AB05FB}.Release|x86.ActiveCfg = Release|Win32
		{44D54B16-31F5-4FC4-AADF-8A9C36AB05FB}.Release|x86.Build.0 = Release|Win32
		{E567A5A6-F97A-49C9-8909-F6445260ADE3}.Debug|x64.ActiveCfg = Debug|x64
		{E567A5A6-F97A-49C9-8909-F6445260ADE3}.Debug|x64.Build.0 = Debug|x64
		{E567A5A6-F97A-49C9-8909-F6445260ADE3}.Debug|x86.ActiveCfg = Debug|Win32
		{E567A5A6-F97A-49C9-8909-F6445260ADE3}.Debug|x86.Build.0 = Debug|Win32
		{E567A5A6-F97A-49C9-8909-F6445260ADE3}.Release|x64.ActiveCfg = Release|x64
		{E567A5A6-F97A-49C9-8909-F6445260ADE3}.Release|x64.Build.0 = Release|x64
		{E567A5A6-F97A-49C9-8909-F6445260ADE3}.Release|x86.ActiveCfg = Release|Win32
		{E567A5A6-F97A-49C9-8909-F6445260ADE3}.Release|x86.Build.0 = Release|Win32
	EndGlobalSection
	GlobalSection(SolutionProperties) = preSolution
		HideSolutionNode = FALSE
	EndGlobalSection
	GlobalSection(ExtensibilityGlobals) = postSolution
		SolutionGuid = {75324639-07F9-4450-986C-342948848FC0}
	EndGlobalSection
EndGlobal
